# This file is automatically @generated by Cargo.
# It is not intended for manual editing.
version = 3

[[package]]
name = "allocative-anyhow"
version = "0.1.0"

[[package]]
name = "allocative-anyhow"
version = "0.2.0"

[[package]]
name = "allocative-two-crates"
version = "0.1.0"
dependencies = [
 "allocative-anyhow 0.1.0",
 "allocative-anyhow 0.2.0",
]
